
Microsoft Visual Studio Solution File, Format Version 12.00
# Visual Studio Version 17
VisualStudioVersion = 17.9.34728.123
MinimumVisualStudioVersion = 10.0.40219.1
Project("{9A19103F-16F7-4668-BE54-9A1E7A4F7556}") = "LoudnessMeterAva", "LoudnessMeterAva\LoudnessMeterAva.csproj", "{D5A3CDB4-013A-4711-948F-0D867269AB06}"
EndProject
Project("{9A19103F-16F7-4668-BE54-9A1E7A4F7556}") = "LoudnessMeterAva.Desktop", "LoudnessMeterAva.Desktop\LoudnessMeterAva.Desktop.csproj", "{C0019793-F39B-4652-A712-0BAFF2D4A438}"
EndProject
Global
	GlobalSection(SolutionConfigurationPlatforms) = preSolution
		Debug|Any CPU = Debug|Any CPU
		Release|Any CPU = Release|Any CPU
	EndGlobalSection
	GlobalSection(ProjectConfigurationPlatforms) = postSolution
		{D5A3CDB4-013A-4711-948F-0D867269AB06}.Debug|Any CPU.ActiveCfg = Debug|Any CPU
		{D5A3CDB4-013A-4711-948F-0D867269AB06}.Debug|Any CPU.Build.0 = Debug|Any CPU
		{D5A3CDB4-013A-4711-948F-0D867269AB06}.Release|Any CPU.ActiveCfg = Release|Any CPU
		{D5A3CDB4-013A-4711-948F-0D867269AB06}.Release|Any CPU.Build.0 = Release|Any CPU
		{C0019793-F39B-4652-A712-0BAFF2D4A438}.Debug|Any CPU.ActiveCfg = Debug|Any CPU
		{C0019793-F39B-4652-A712-0BAFF2D4A438}.Debug|Any CPU.Build.0 = Debug|Any CPU
		{C0019793-F39B-4652-A712-0BAFF2D4A438}.Release|Any CPU.ActiveCfg = Release|Any CPU
		{C0019793-F39B-4652-A712-0BAFF2D4A438}.Release|Any CPU.Build.0 = Release|Any CPU
	EndGlobalSection
	GlobalSection(SolutionProperties) = preSolution
		HideSolutionNode = FALSE
	EndGlobalSection
	GlobalSection(ExtensibilityGlobals) = postSolution
		SolutionGuid = {0B61C6AA-8128-4FAD-811C-109749F00698}
	EndGlobalSection
EndGlobal
